github.com/danielgtaylor/huma/v2 v2.32.0 h1:ytU9ExG/axC434+soXxwNzv0uaxOb3cyCgjj8y3PmBE=
github.com/danielgtaylor/huma/v2 v2.32.0/go.mod h1:9BxJwkeoPPDEJ2Bg4yPwL1mM1rYpAwCAWFKoo723spk=
github.com/google/uuid v1.6.0 h1:NIvaJDMOsjHA8n1jAhLSgzrAzy1Hgr+hNrb57e+94F0=
github.com/google/uuid v1.6.0/go.mod h1:TIyPZe4MgqvfeYDBFedMoGGpEw/LqOeaOT+nhxU+yHo=
